
Microsoft Visual Studio Solution File, Format Version 12.00
# Visual Studio 15
VisualStudioVersion = 15.0.27130.2027
MinimumVisualStudioVersion = 10.0.40219.1
Project("{8BC9CEB8-8B4A-11D0-8D11-00A0C91BC942}") = "Witcher3UltawideFix", "Witcher3UltawideFix\Witcher3UltawideFix.vcxproj", "{486C3F89-D6E7-4E16-84EA-92A9AEF2195D}"
EndProject
Global
	GlobalSection(SolutionConfigurationPlatforms) = preSolution
		Debug|x64 = Debug|x64
		Debug|x86 = Debug|x86
		Release|x64 = Release|x64
		Release|x86 = Release|x86
	EndGlobalSection
	GlobalSection(ProjectConfigurationPlatforms) = postSolution
		{486C3F89-D6E7-4E16-84EA-92A9AEF2195D}.Debug|x64.ActiveCfg = Debug|x64
		{486C3F89-D6E7-4E16-84EA-92A9AEF2195D}.Debug|x64.Build.0 = Debug|x64
		{486C3F89-D6E7-4E16-84EA-92A9AEF2195D}.Debug|x86.ActiveCfg = Debug|Win32
		{486C3F89-D6E7-4E16-84EA-92A9AEF2195D}.Debug|x86.Build.0 = Debug|Win32
		{486C3F89-D6E7-4E16-84EA-92A9AEF2195D}.Release|x64.ActiveCfg = Release|x64
		{486C3F89-D6E7-4E16-84EA-92A9AEF2195D}.Release|x64.Build.0 = Release|x64
		{486C3F89-D6E7-4E16-84EA-92A9AEF2195D}.Release|x86.ActiveCfg = Release|Win32
		{486C3F89-D6E7-4E16-84EA-92A9AEF2195D}.Release|x86.Build.0 = Release|Win32
	EndGlobalSection
	GlobalSection(SolutionProperties) = preSolution
		HideSolutionNode = FALSE
	EndGlobalSection
	GlobalSection(ExtensibilityGlobals) = postSolution
		SolutionGuid = {FDB16D5A-B52B-44A9-9A2D-F12EF0265E8B}
	EndGlobalSection
EndGlobal
